
Microsoft Visual Studio Solution File, Format Version 12.00
# Visual Studio Version 16
VisualStudioVersion = 16.0.29728.190
MinimumVisualStudioVersion = 10.0.40219.1
Project("{FAE04EC0-301F-11D3-BF4B-00C04F79EFBC}") = "BlogPessoal.Web", "BlogPessoal.Web\BlogPessoal.Web.csproj", "{C363DD1E-E63A-420F-9865-7EE20DBA66B7}"
EndProject
Project("{FAE04EC0-301F-11D3-BF4B-00C04F79EFBC}") = "BlogPessoal.Tests", "BlogPessoal.Tests\BlogPessoal.Tests.csproj", "{EB30033E-2656-4A79-BE83-AB259DF45922}"
EndProject
Global
	GlobalSection(SolutionConfigurationPlatforms) = preSolution
		Debug|Any CPU = Debug|Any CPU
		Release|Any CPU = Release|Any CPU
	EndGlobalSection
	GlobalSection(ProjectConfigurationPlatforms) = postSolution
		{C363DD1E-E63A-420F-9865-7EE20DBA66B7}.Debug|Any CPU.ActiveCfg = Debug|Any CPU
		{C363DD1E-E63A-420F-9865-7EE20DBA66B7}.Debug|Any CPU.Build.0 = Debug|Any CPU
		{C363DD1E-E63A-420F-9865-7EE20DBA66B7}.Release|Any CPU.ActiveCfg = Release|Any CPU
		{C363DD1E-E63A-420F-9865-7EE20DBA66B7}.Release|Any CPU.Build.0 = Release|Any CPU
		{EB30033E-2656-4A79-BE83-AB259DF45922}.Debug|Any CPU.ActiveCfg = Debug|Any CPU
		{EB30033E-2656-4A79-BE83-AB259DF45922}.Debug|Any CPU.Build.0 = Debug|Any CPU
		{EB30033E-2656-4A79-BE83-AB259DF45922}.Release|Any CPU.ActiveCfg = Release|Any CPU
		{EB30033E-2656-4A79-BE83-AB259DF45922}.Release|Any CPU.Build.0 = Release|Any CPU
	EndGlobalSection
	GlobalSection(SolutionProperties) = preSolution
		HideSolutionNode = FALSE
	EndGlobalSection
	GlobalSection(ExtensibilityGlobals) = postSolution
		SolutionGuid = {105838AC-331A-4542-AC12-56000FDE80C7}
	EndGlobalSection
EndGlobal
